
Microsoft Visual Studio Solution File, Format Version 12.00
# Visual Studio 15
VisualStudioVersion = 15.0.28307.1800
MinimumVisualStudioVersion = 10.0.40219.1
Project("{FAE04EC0-301F-11D3-BF4B-00C04F79EFBC}") = "TableMaker", "TableMaker\TableMaker.csproj", "{9A140340-6A12-4C61-A616-13D162E60BD5}"
EndProject
Global
	GlobalSection(SolutionConfigurationPlatforms) = preSolution
		Debug|Any CPU = Debug|Any CPU
		Release|Any CPU = Release|Any CPU
	EndGlobalSection
	GlobalSection(ProjectConfigurationPlatforms) = postSolution
		{9A140340-6A12-4C61-A616-13D162E60BD5}.Debug|Any CPU.ActiveCfg = Debug|Any CPU
		{9A140340-6A12-4C61-A616-13D162E60BD5}.Debug|Any CPU.Build.0 = Debug|Any CPU
		{9A140340-6A12-4C61-A616-13D162E60BD5}.Release|Any CPU.ActiveCfg = Release|Any CPU
		{9A140340-6A12-4C61-A616-13D162E60BD5}.Release|Any CPU.Build.0 = Release|Any CPU
	EndGlobalSection
	GlobalSection(SolutionProperties) = preSolution
		HideSolutionNode = FALSE
	EndGlobalSection
	GlobalSection(ExtensibilityGlobals) = postSolution
		SolutionGuid = {75C41642-B274-451E-AC9C-723D0B8BC92E}
	EndGlobalSection
EndGlobal
