
Microsoft Visual Studio Solution File, Format Version 12.00
# Visual Studio 15
VisualStudioVersion = 15.0.28307.1231
MinimumVisualStudioVersion = 10.0.40219.1
Project("{FAE04EC0-301F-11D3-BF4B-00C04F79EFBC}") = "Sql", "Sql\Sql.csproj", "{BE9C9853-0447-4E52-9BED-9F7014656F82}"
EndProject
Global
	GlobalSection(SolutionConfigurationPlatforms) = preSolution
		Debug|Any CPU = Debug|Any CPU
		Release|Any CPU = Release|Any CPU
	EndGlobalSection
	GlobalSection(ProjectConfigurationPlatforms) = postSolution
		{BE9C9853-0447-4E52-9BED-9F7014656F82}.Debug|Any CPU.ActiveCfg = Debug|Any CPU
		{BE9C9853-0447-4E52-9BED-9F7014656F82}.Debug|Any CPU.Build.0 = Debug|Any CPU
		{BE9C9853-0447-4E52-9BED-9F7014656F82}.Release|Any CPU.ActiveCfg = Release|Any CPU
		{BE9C9853-0447-4E52-9BED-9F7014656F82}.Release|Any CPU.Build.0 = Release|Any CPU
	EndGlobalSection
	GlobalSection(SolutionProperties) = preSolution
		HideSolutionNode = FALSE
	EndGlobalSection
	GlobalSection(ExtensibilityGlobals) = postSolution
		SolutionGuid = {B61FC6E8-BB7A-442A-B625-5B99964EE79E}
	EndGlobalSection
EndGlobal
