
Microsoft Visual Studio Solution File, Format Version 12.00
# Visual Studio 15
VisualStudioVersion = 15.0.28307.1231
MinimumVisualStudioVersion = 10.0.40219.1
Project("{FAE04EC0-301F-11D3-BF4B-00C04F79EFBC}") = "ProjectPatterIteratorAndLinked", "ProjectPatterIteratorAndLinked\ProjectPatterIteratorAndLinked.csproj", "{369C5B7F-6EE2-4B07-BA29-B00BA786EECE}"
EndProject
Global
	GlobalSection(SolutionConfigurationPlatforms) = preSolution
		Debug|Any CPU = Debug|Any CPU
		Release|Any CPU = Release|Any CPU
	EndGlobalSection
	GlobalSection(ProjectConfigurationPlatforms) = postSolution
		{369C5B7F-6EE2-4B07-BA29-B00BA786EECE}.Debug|Any CPU.ActiveCfg = Debug|Any CPU
		{369C5B7F-6EE2-4B07-BA29-B00BA786EECE}.Debug|Any CPU.Build.0 = Debug|Any CPU
		{369C5B7F-6EE2-4B07-BA29-B00BA786EECE}.Release|Any CPU.ActiveCfg = Release|Any CPU
		{369C5B7F-6EE2-4B07-BA29-B00BA786EECE}.Release|Any CPU.Build.0 = Release|Any CPU
	EndGlobalSection
	GlobalSection(SolutionProperties) = preSolution
		HideSolutionNode = FALSE
	EndGlobalSection
	GlobalSection(ExtensibilityGlobals) = postSolution
		SolutionGuid = {BFA2DD6B-1C7F-4151-8358-8E00FB6FBB3B}
	EndGlobalSection
EndGlobal
