
Microsoft Visual Studio Solution File, Format Version 12.00
# Visual Studio 15
VisualStudioVersion = 15.0.28307.1231
MinimumVisualStudioVersion = 10.0.40219.1
Project("{FAE04EC0-301F-11D3-BF4B-00C04F79EFBC}") = "Quantifications", "Quantifications\Quantifications.csproj", "{943E76DD-C8B2-465E-B403-8B0DC339C775}"
EndProject
Global
	GlobalSection(SolutionConfigurationPlatforms) = preSolution
		Debug|Any CPU = Debug|Any CPU
		Release|Any CPU = Release|Any CPU
	EndGlobalSection
	GlobalSection(ProjectConfigurationPlatforms) = postSolution
		{943E76DD-C8B2-465E-B403-8B0DC339C775}.Debug|Any CPU.ActiveCfg = Debug|Any CPU
		{943E76DD-C8B2-465E-B403-8B0DC339C775}.Debug|Any CPU.Build.0 = Debug|Any CPU
		{943E76DD-C8B2-465E-B403-8B0DC339C775}.Release|Any CPU.ActiveCfg = Release|Any CPU
		{943E76DD-C8B2-465E-B403-8B0DC339C775}.Release|Any CPU.Build.0 = Release|Any CPU
	EndGlobalSection
	GlobalSection(SolutionProperties) = preSolution
		HideSolutionNode = FALSE
	EndGlobalSection
	GlobalSection(ExtensibilityGlobals) = postSolution
		SolutionGuid = {1CF4D3A9-21D3-4A08-8C6C-26FFF078F289}
	EndGlobalSection
EndGlobal
