
Microsoft Visual Studio Solution File, Format Version 12.00
# Visual Studio 15
VisualStudioVersion = 15.0.27130.2027
MinimumVisualStudioVersion = 10.0.40219.1
Project("{FAE04EC0-301F-11D3-BF4B-00C04F79EFBC}") = "MgProjectFont", "MgProjectFont\MgProjectFont.csproj", "{EC702169-4DD1-427F-8C3F-31F28AB99777}"
EndProject
Global
	GlobalSection(SolutionConfigurationPlatforms) = preSolution
		Debug|x86 = Debug|x86
		Release|x86 = Release|x86
	EndGlobalSection
	GlobalSection(ProjectConfigurationPlatforms) = postSolution
		{EC702169-4DD1-427F-8C3F-31F28AB99777}.Debug|x86.ActiveCfg = Debug|x86
		{EC702169-4DD1-427F-8C3F-31F28AB99777}.Debug|x86.Build.0 = Debug|x86
		{EC702169-4DD1-427F-8C3F-31F28AB99777}.Release|x86.ActiveCfg = Release|x86
		{EC702169-4DD1-427F-8C3F-31F28AB99777}.Release|x86.Build.0 = Release|x86
	EndGlobalSection
	GlobalSection(SolutionProperties) = preSolution
		HideSolutionNode = FALSE
	EndGlobalSection
	GlobalSection(ExtensibilityGlobals) = postSolution
		SolutionGuid = {35376777-CDD8-48AA-BE83-CC0CA4EA2449}
	EndGlobalSection
EndGlobal
