
Microsoft Visual Studio Solution File, Format Version 12.00
# Visual Studio 15
VisualStudioVersion = 15.0.26730.12
MinimumVisualStudioVersion = 10.0.40219.1
Project("{FAE04EC0-301F-11D3-BF4B-00C04F79EFBC}") = "ProjectWaveSearch", "ProjectWaveSearch\ProjectWaveSearch.csproj", "{38F87E44-D1E2-4CCE-A619-3BD280ED9EC5}"
EndProject
Global
	GlobalSection(SolutionConfigurationPlatforms) = preSolution
		Debug|Any CPU = Debug|Any CPU
		Release|Any CPU = Release|Any CPU
	EndGlobalSection
	GlobalSection(ProjectConfigurationPlatforms) = postSolution
		{38F87E44-D1E2-4CCE-A619-3BD280ED9EC5}.Debug|Any CPU.ActiveCfg = Debug|Any CPU
		{38F87E44-D1E2-4CCE-A619-3BD280ED9EC5}.Debug|Any CPU.Build.0 = Debug|Any CPU
		{38F87E44-D1E2-4CCE-A619-3BD280ED9EC5}.Release|Any CPU.ActiveCfg = Release|Any CPU
		{38F87E44-D1E2-4CCE-A619-3BD280ED9EC5}.Release|Any CPU.Build.0 = Release|Any CPU
	EndGlobalSection
	GlobalSection(SolutionProperties) = preSolution
		HideSolutionNode = FALSE
	EndGlobalSection
	GlobalSection(ExtensibilityGlobals) = postSolution
		SolutionGuid = {E332B6C4-A4B9-45A3-8A0E-9B91C51AB544}
	EndGlobalSection
EndGlobal
