
Microsoft Visual Studio Solution File, Format Version 12.00
# Visual Studio 15
VisualStudioVersion = 15.0.26730.12
MinimumVisualStudioVersion = 10.0.40219.1
Project("{FAE04EC0-301F-11D3-BF4B-00C04F79EFBC}") = "ProjectTasksArrays01", "ProjectTasksArrays01\ProjectTasksArrays01.csproj", "{DFDCFE52-1EA0-47FB-900C-8B3B323DB083}"
EndProject
Global
	GlobalSection(SolutionConfigurationPlatforms) = preSolution
		Debug|Any CPU = Debug|Any CPU
		Release|Any CPU = Release|Any CPU
	EndGlobalSection
	GlobalSection(ProjectConfigurationPlatforms) = postSolution
		{DFDCFE52-1EA0-47FB-900C-8B3B323DB083}.Debug|Any CPU.ActiveCfg = Debug|Any CPU
		{DFDCFE52-1EA0-47FB-900C-8B3B323DB083}.Debug|Any CPU.Build.0 = Debug|Any CPU
		{DFDCFE52-1EA0-47FB-900C-8B3B323DB083}.Release|Any CPU.ActiveCfg = Release|Any CPU
		{DFDCFE52-1EA0-47FB-900C-8B3B323DB083}.Release|Any CPU.Build.0 = Release|Any CPU
	EndGlobalSection
	GlobalSection(SolutionProperties) = preSolution
		HideSolutionNode = FALSE
	EndGlobalSection
	GlobalSection(ExtensibilityGlobals) = postSolution
		SolutionGuid = {B0994419-551C-4808-AAF8-66420DE99D3C}
	EndGlobalSection
EndGlobal
