
Microsoft Visual Studio Solution File, Format Version 12.00
# Visual Studio 15
VisualStudioVersion = 15.0.28307.1231
MinimumVisualStudioVersion = 10.0.40219.1
Project("{FAE04EC0-301F-11D3-BF4B-00C04F79EFBC}") = "ProjectConsoleLogger", "ProjectConsoleLogger\ProjectConsoleLogger.csproj", "{A431549D-BC91-4309-B6AB-A14D974D810C}"
EndProject
Global
	GlobalSection(SolutionConfigurationPlatforms) = preSolution
		Debug|Any CPU = Debug|Any CPU
		Release|Any CPU = Release|Any CPU
	EndGlobalSection
	GlobalSection(ProjectConfigurationPlatforms) = postSolution
		{A431549D-BC91-4309-B6AB-A14D974D810C}.Debug|Any CPU.ActiveCfg = Debug|Any CPU
		{A431549D-BC91-4309-B6AB-A14D974D810C}.Debug|Any CPU.Build.0 = Debug|Any CPU
		{A431549D-BC91-4309-B6AB-A14D974D810C}.Release|Any CPU.ActiveCfg = Release|Any CPU
		{A431549D-BC91-4309-B6AB-A14D974D810C}.Release|Any CPU.Build.0 = Release|Any CPU
	EndGlobalSection
	GlobalSection(SolutionProperties) = preSolution
		HideSolutionNode = FALSE
	EndGlobalSection
	GlobalSection(ExtensibilityGlobals) = postSolution
		SolutionGuid = {22F64270-35E0-4942-86FC-33C8AD797A5C}
	EndGlobalSection
EndGlobal
