
Microsoft Visual Studio Solution File, Format Version 12.00
# Visual Studio 15
VisualStudioVersion = 15.0.28307.1525
MinimumVisualStudioVersion = 10.0.40219.1
Project("{FAE04EC0-301F-11D3-BF4B-00C04F79EFBC}") = "DZ v2", "DZ v2\DZ v2.csproj", "{AF473E79-52F9-48DF-B84E-F9CC8780EB1D}"
EndProject
Global
	GlobalSection(SolutionConfigurationPlatforms) = preSolution
		Debug|Any CPU = Debug|Any CPU
		Release|Any CPU = Release|Any CPU
	EndGlobalSection
	GlobalSection(ProjectConfigurationPlatforms) = postSolution
		{AF473E79-52F9-48DF-B84E-F9CC8780EB1D}.Debug|Any CPU.ActiveCfg = Debug|Any CPU
		{AF473E79-52F9-48DF-B84E-F9CC8780EB1D}.Debug|Any CPU.Build.0 = Debug|Any CPU
		{AF473E79-52F9-48DF-B84E-F9CC8780EB1D}.Release|Any CPU.ActiveCfg = Release|Any CPU
		{AF473E79-52F9-48DF-B84E-F9CC8780EB1D}.Release|Any CPU.Build.0 = Release|Any CPU
	EndGlobalSection
	GlobalSection(SolutionProperties) = preSolution
		HideSolutionNode = FALSE
	EndGlobalSection
	GlobalSection(ExtensibilityGlobals) = postSolution
		SolutionGuid = {F11038D1-B49C-4A05-9954-1915BD1CD11E}
	EndGlobalSection
EndGlobal
