
Microsoft Visual Studio Solution File, Format Version 12.00
# Visual Studio 15
VisualStudioVersion = 15.0.26730.12
MinimumVisualStudioVersion = 10.0.40219.1
Project("{FAE04EC0-301F-11D3-BF4B-00C04F79EFBC}") = "ProjectTasksArray", "ProjectTasksArray\ProjectTasksArray.csproj", "{6763905A-6114-4EA1-BDB6-672C047C1C2B}"
EndProject
Global
	GlobalSection(SolutionConfigurationPlatforms) = preSolution
		Debug|Any CPU = Debug|Any CPU
		Release|Any CPU = Release|Any CPU
	EndGlobalSection
	GlobalSection(ProjectConfigurationPlatforms) = postSolution
		{6763905A-6114-4EA1-BDB6-672C047C1C2B}.Debug|Any CPU.ActiveCfg = Debug|Any CPU
		{6763905A-6114-4EA1-BDB6-672C047C1C2B}.Debug|Any CPU.Build.0 = Debug|Any CPU
		{6763905A-6114-4EA1-BDB6-672C047C1C2B}.Release|Any CPU.ActiveCfg = Release|Any CPU
		{6763905A-6114-4EA1-BDB6-672C047C1C2B}.Release|Any CPU.Build.0 = Release|Any CPU
	EndGlobalSection
	GlobalSection(SolutionProperties) = preSolution
		HideSolutionNode = FALSE
	EndGlobalSection
	GlobalSection(ExtensibilityGlobals) = postSolution
		SolutionGuid = {2E40856B-CD30-4B31-A5E3-DBB5E3565F66}
	EndGlobalSection
EndGlobal
