
Microsoft Visual Studio Solution File, Format Version 12.00
# Visual Studio 15
VisualStudioVersion = 15.0.28307.1231
MinimumVisualStudioVersion = 10.0.40219.1
Project("{FAE04EC0-301F-11D3-BF4B-00C04F79EFBC}") = "Demoreflections", "Demoreflections\Demoreflections.csproj", "{DA785EA7-2181-4B4D-8137-9FE8F3551C84}"
EndProject
Global
	GlobalSection(SolutionConfigurationPlatforms) = preSolution
		Debug|Any CPU = Debug|Any CPU
		Release|Any CPU = Release|Any CPU
	EndGlobalSection
	GlobalSection(ProjectConfigurationPlatforms) = postSolution
		{DA785EA7-2181-4B4D-8137-9FE8F3551C84}.Debug|Any CPU.ActiveCfg = Debug|Any CPU
		{DA785EA7-2181-4B4D-8137-9FE8F3551C84}.Debug|Any CPU.Build.0 = Debug|Any CPU
		{DA785EA7-2181-4B4D-8137-9FE8F3551C84}.Release|Any CPU.ActiveCfg = Release|Any CPU
		{DA785EA7-2181-4B4D-8137-9FE8F3551C84}.Release|Any CPU.Build.0 = Release|Any CPU
	EndGlobalSection
	GlobalSection(SolutionProperties) = preSolution
		HideSolutionNode = FALSE
	EndGlobalSection
	GlobalSection(ExtensibilityGlobals) = postSolution
		SolutionGuid = {C194DCF9-9E9D-4EC1-9AE7-E5E2E30D597E}
	EndGlobalSection
EndGlobal
