
Microsoft Visual Studio Solution File, Format Version 12.00
# Visual Studio 15
VisualStudioVersion = 15.0.28307.1231
MinimumVisualStudioVersion = 10.0.40219.1
Project("{FAE04EC0-301F-11D3-BF4B-00C04F79EFBC}") = "Feature6", "Feature6\Feature6.csproj", "{6014850B-1216-4852-8369-1BF84D7A4CC6}"
EndProject
Global
	GlobalSection(SolutionConfigurationPlatforms) = preSolution
		Debug|Any CPU = Debug|Any CPU
		Release|Any CPU = Release|Any CPU
	EndGlobalSection
	GlobalSection(ProjectConfigurationPlatforms) = postSolution
		{6014850B-1216-4852-8369-1BF84D7A4CC6}.Debug|Any CPU.ActiveCfg = Debug|Any CPU
		{6014850B-1216-4852-8369-1BF84D7A4CC6}.Debug|Any CPU.Build.0 = Debug|Any CPU
		{6014850B-1216-4852-8369-1BF84D7A4CC6}.Release|Any CPU.ActiveCfg = Release|Any CPU
		{6014850B-1216-4852-8369-1BF84D7A4CC6}.Release|Any CPU.Build.0 = Release|Any CPU
	EndGlobalSection
	GlobalSection(SolutionProperties) = preSolution
		HideSolutionNode = FALSE
	EndGlobalSection
	GlobalSection(ExtensibilityGlobals) = postSolution
		SolutionGuid = {6CD06E2C-C290-4CC3-85EA-EE23982CFEFA}
	EndGlobalSection
EndGlobal
