
Microsoft Visual Studio Solution File, Format Version 12.00
# Visual Studio 15
VisualStudioVersion = 15.0.28307.1231
MinimumVisualStudioVersion = 10.0.40219.1
Project("{FAE04EC0-301F-11D3-BF4B-00C04F79EFBC}") = "ProjectInversion", "ProjectInversion\ProjectInversion.csproj", "{8D1362AE-CB31-4D19-8B97-94B99BB510EE}"
EndProject
Global
	GlobalSection(SolutionConfigurationPlatforms) = preSolution
		Debug|Any CPU = Debug|Any CPU
		Release|Any CPU = Release|Any CPU
	EndGlobalSection
	GlobalSection(ProjectConfigurationPlatforms) = postSolution
		{8D1362AE-CB31-4D19-8B97-94B99BB510EE}.Debug|Any CPU.ActiveCfg = Debug|Any CPU
		{8D1362AE-CB31-4D19-8B97-94B99BB510EE}.Debug|Any CPU.Build.0 = Debug|Any CPU
		{8D1362AE-CB31-4D19-8B97-94B99BB510EE}.Release|Any CPU.ActiveCfg = Release|Any CPU
		{8D1362AE-CB31-4D19-8B97-94B99BB510EE}.Release|Any CPU.Build.0 = Release|Any CPU
	EndGlobalSection
	GlobalSection(SolutionProperties) = preSolution
		HideSolutionNode = FALSE
	EndGlobalSection
	GlobalSection(ExtensibilityGlobals) = postSolution
		SolutionGuid = {10EF42D9-EABD-42EC-AE3A-9B747999CA4F}
	EndGlobalSection
EndGlobal
