
Microsoft Visual Studio Solution File, Format Version 12.00
# Visual Studio 15
VisualStudioVersion = 15.0.28307.1758
MinimumVisualStudioVersion = 10.0.40219.1
Project("{FAE04EC0-301F-11D3-BF4B-00C04F79EFBC}") = "WFDZDB", "WFDZDB\WFDZDB.csproj", "{CBEAC84B-8DF6-431E-B48F-136A31D43C6A}"
EndProject
Global
	GlobalSection(SolutionConfigurationPlatforms) = preSolution
		Debug|Any CPU = Debug|Any CPU
		Release|Any CPU = Release|Any CPU
	EndGlobalSection
	GlobalSection(ProjectConfigurationPlatforms) = postSolution
		{CBEAC84B-8DF6-431E-B48F-136A31D43C6A}.Debug|Any CPU.ActiveCfg = Debug|Any CPU
		{CBEAC84B-8DF6-431E-B48F-136A31D43C6A}.Debug|Any CPU.Build.0 = Debug|Any CPU
		{CBEAC84B-8DF6-431E-B48F-136A31D43C6A}.Release|Any CPU.ActiveCfg = Release|Any CPU
		{CBEAC84B-8DF6-431E-B48F-136A31D43C6A}.Release|Any CPU.Build.0 = Release|Any CPU
	EndGlobalSection
	GlobalSection(SolutionProperties) = preSolution
		HideSolutionNode = FALSE
	EndGlobalSection
	GlobalSection(ExtensibilityGlobals) = postSolution
		SolutionGuid = {E45C6590-ACDD-4721-BD1D-012822C8DFAC}
	EndGlobalSection
EndGlobal
