
Microsoft Visual Studio Solution File, Format Version 12.00
# Visual Studio 15
VisualStudioVersion = 15.0.27130.2027
MinimumVisualStudioVersion = 10.0.40219.1
Project("{FAE04EC0-301F-11D3-BF4B-00C04F79EFBC}") = "ProjectMonoGameAnimation", "ProjectMonoGameAnimation\ProjectMonoGameAnimation.csproj", "{883435E1-E5AA-4578-B7C6-717F82D184E7}"
EndProject
Global
	GlobalSection(SolutionConfigurationPlatforms) = preSolution
		Debug|x86 = Debug|x86
		Release|x86 = Release|x86
	EndGlobalSection
	GlobalSection(ProjectConfigurationPlatforms) = postSolution
		{883435E1-E5AA-4578-B7C6-717F82D184E7}.Debug|x86.ActiveCfg = Debug|x86
		{883435E1-E5AA-4578-B7C6-717F82D184E7}.Debug|x86.Build.0 = Debug|x86
		{883435E1-E5AA-4578-B7C6-717F82D184E7}.Release|x86.ActiveCfg = Release|x86
		{883435E1-E5AA-4578-B7C6-717F82D184E7}.Release|x86.Build.0 = Release|x86
	EndGlobalSection
	GlobalSection(SolutionProperties) = preSolution
		HideSolutionNode = FALSE
	EndGlobalSection
	GlobalSection(ExtensibilityGlobals) = postSolution
		SolutionGuid = {84C8DBAA-CCFD-4B95-89FD-7A82D28BA405}
	EndGlobalSection
EndGlobal
