
Microsoft Visual Studio Solution File, Format Version 12.00
# Visual Studio 15
VisualStudioVersion = 15.0.26730.12
MinimumVisualStudioVersion = 10.0.40219.1
Project("{FAE04EC0-301F-11D3-BF4B-00C04F79EFBC}") = "ProjectServerWPF", "ProjectServerWPF\ProjectServerWPF.csproj", "{762F1668-CC4E-45D3-84F7-E1B6016AE276}"
EndProject
Project("{FAE04EC0-301F-11D3-BF4B-00C04F79EFBC}") = "ProjectClientWPF", "ProjectClientWPF\ProjectClientWPF.csproj", "{A620369D-C40B-406C-9413-9283BCF0C31A}"
EndProject
Global
	GlobalSection(SolutionConfigurationPlatforms) = preSolution
		Debug|Any CPU = Debug|Any CPU
		Release|Any CPU = Release|Any CPU
	EndGlobalSection
	GlobalSection(ProjectConfigurationPlatforms) = postSolution
		{762F1668-CC4E-45D3-84F7-E1B6016AE276}.Debug|Any CPU.ActiveCfg = Debug|Any CPU
		{762F1668-CC4E-45D3-84F7-E1B6016AE276}.Debug|Any CPU.Build.0 = Debug|Any CPU
		{762F1668-CC4E-45D3-84F7-E1B6016AE276}.Release|Any CPU.ActiveCfg = Release|Any CPU
		{762F1668-CC4E-45D3-84F7-E1B6016AE276}.Release|Any CPU.Build.0 = Release|Any CPU
		{A620369D-C40B-406C-9413-9283BCF0C31A}.Debug|Any CPU.ActiveCfg = Debug|Any CPU
		{A620369D-C40B-406C-9413-9283BCF0C31A}.Debug|Any CPU.Build.0 = Debug|Any CPU
		{A620369D-C40B-406C-9413-9283BCF0C31A}.Release|Any CPU.ActiveCfg = Release|Any CPU
		{A620369D-C40B-406C-9413-9283BCF0C31A}.Release|Any CPU.Build.0 = Release|Any CPU
	EndGlobalSection
	GlobalSection(SolutionProperties) = preSolution
		HideSolutionNode = FALSE
	EndGlobalSection
	GlobalSection(ExtensibilityGlobals) = postSolution
		SolutionGuid = {D6783145-9396-420D-A4B9-1E2895BCCB9F}
	EndGlobalSection
EndGlobal
