
Microsoft Visual Studio Solution File, Format Version 12.00
# Visual Studio 15
VisualStudioVersion = 15.0.26730.12
MinimumVisualStudioVersion = 10.0.40219.1
Project("{FAE04EC0-301F-11D3-BF4B-00C04F79EFBC}") = "ProjectGif", "ProjectGif\ProjectGif.csproj", "{5BE35842-48A7-4ACE-9819-7A253ACDE192}"
EndProject
Global
	GlobalSection(SolutionConfigurationPlatforms) = preSolution
		Debug|Any CPU = Debug|Any CPU
		Release|Any CPU = Release|Any CPU
	EndGlobalSection
	GlobalSection(ProjectConfigurationPlatforms) = postSolution
		{5BE35842-48A7-4ACE-9819-7A253ACDE192}.Debug|Any CPU.ActiveCfg = Debug|Any CPU
		{5BE35842-48A7-4ACE-9819-7A253ACDE192}.Debug|Any CPU.Build.0 = Debug|Any CPU
		{5BE35842-48A7-4ACE-9819-7A253ACDE192}.Release|Any CPU.ActiveCfg = Release|Any CPU
		{5BE35842-48A7-4ACE-9819-7A253ACDE192}.Release|Any CPU.Build.0 = Release|Any CPU
	EndGlobalSection
	GlobalSection(SolutionProperties) = preSolution
		HideSolutionNode = FALSE
	EndGlobalSection
	GlobalSection(ExtensibilityGlobals) = postSolution
		SolutionGuid = {84CF00A3-B773-4EC3-9AF6-CA27AB216AB2}
	EndGlobalSection
EndGlobal
