
Microsoft Visual Studio Solution File, Format Version 12.00
# Visual Studio 15
VisualStudioVersion = 15.0.27130.2027
MinimumVisualStudioVersion = 10.0.40219.1
Project("{FAE04EC0-301F-11D3-BF4B-00C04F79EFBC}") = "ProjectParticleEngine", "ProjectParticleEngine\ProjectParticleEngine.csproj", "{826B943D-73DF-475F-9835-20285C701B93}"
EndProject
Global
	GlobalSection(SolutionConfigurationPlatforms) = preSolution
		Debug|x86 = Debug|x86
		Release|x86 = Release|x86
	EndGlobalSection
	GlobalSection(ProjectConfigurationPlatforms) = postSolution
		{826B943D-73DF-475F-9835-20285C701B93}.Debug|x86.ActiveCfg = Debug|x86
		{826B943D-73DF-475F-9835-20285C701B93}.Debug|x86.Build.0 = Debug|x86
		{826B943D-73DF-475F-9835-20285C701B93}.Release|x86.ActiveCfg = Release|x86
		{826B943D-73DF-475F-9835-20285C701B93}.Release|x86.Build.0 = Release|x86
	EndGlobalSection
	GlobalSection(SolutionProperties) = preSolution
		HideSolutionNode = FALSE
	EndGlobalSection
	GlobalSection(ExtensibilityGlobals) = postSolution
		SolutionGuid = {19375D0B-C1B2-44AE-8AAD-E5BB93A65719}
	EndGlobalSection
EndGlobal
