
Microsoft Visual Studio Solution File, Format Version 12.00
# Visual Studio 15
VisualStudioVersion = 15.0.28307.1231
MinimumVisualStudioVersion = 10.0.40219.1
Project("{FAE04EC0-301F-11D3-BF4B-00C04F79EFBC}") = "ConsoleProjectServer", "ConsoleProjectServer\ConsoleProjectServer.csproj", "{316BDBB5-A985-4587-879E-70C3852B3B4B}"
EndProject
Project("{FAE04EC0-301F-11D3-BF4B-00C04F79EFBC}") = "ConsoleClient", "ConsoleClient\ConsoleClient.csproj", "{725A4216-A129-4240-8353-061B61077F51}"
EndProject
Global
	GlobalSection(SolutionConfigurationPlatforms) = preSolution
		Debug|Any CPU = Debug|Any CPU
		Release|Any CPU = Release|Any CPU
	EndGlobalSection
	GlobalSection(ProjectConfigurationPlatforms) = postSolution
		{316BDBB5-A985-4587-879E-70C3852B3B4B}.Debug|Any CPU.ActiveCfg = Debug|Any CPU
		{316BDBB5-A985-4587-879E-70C3852B3B4B}.Debug|Any CPU.Build.0 = Debug|Any CPU
		{316BDBB5-A985-4587-879E-70C3852B3B4B}.Release|Any CPU.ActiveCfg = Release|Any CPU
		{316BDBB5-A985-4587-879E-70C3852B3B4B}.Release|Any CPU.Build.0 = Release|Any CPU
		{725A4216-A129-4240-8353-061B61077F51}.Debug|Any CPU.ActiveCfg = Debug|Any CPU
		{725A4216-A129-4240-8353-061B61077F51}.Debug|Any CPU.Build.0 = Debug|Any CPU
		{725A4216-A129-4240-8353-061B61077F51}.Release|Any CPU.ActiveCfg = Release|Any CPU
		{725A4216-A129-4240-8353-061B61077F51}.Release|Any CPU.Build.0 = Release|Any CPU
	EndGlobalSection
	GlobalSection(SolutionProperties) = preSolution
		HideSolutionNode = FALSE
	EndGlobalSection
	GlobalSection(ExtensibilityGlobals) = postSolution
		SolutionGuid = {919D7EF2-1DA2-4B78-971C-8162A899B5F7}
	EndGlobalSection
EndGlobal
