
Microsoft Visual Studio Solution File, Format Version 12.00
# Visual Studio 15
VisualStudioVersion = 15.0.26730.12
MinimumVisualStudioVersion = 10.0.40219.1
Project("{FAE04EC0-301F-11D3-BF4B-00C04F79EFBC}") = "ProjectDemoRegularExp", "ProjectDemoRegularExp\ProjectDemoRegularExp.csproj", "{2CE2B511-52FE-46E1-AA8E-1D281331E0BD}"
EndProject
Global
	GlobalSection(SolutionConfigurationPlatforms) = preSolution
		Debug|Any CPU = Debug|Any CPU
		Release|Any CPU = Release|Any CPU
	EndGlobalSection
	GlobalSection(ProjectConfigurationPlatforms) = postSolution
		{2CE2B511-52FE-46E1-AA8E-1D281331E0BD}.Debug|Any CPU.ActiveCfg = Debug|Any CPU
		{2CE2B511-52FE-46E1-AA8E-1D281331E0BD}.Debug|Any CPU.Build.0 = Debug|Any CPU
		{2CE2B511-52FE-46E1-AA8E-1D281331E0BD}.Release|Any CPU.ActiveCfg = Release|Any CPU
		{2CE2B511-52FE-46E1-AA8E-1D281331E0BD}.Release|Any CPU.Build.0 = Release|Any CPU
	EndGlobalSection
	GlobalSection(SolutionProperties) = preSolution
		HideSolutionNode = FALSE
	EndGlobalSection
	GlobalSection(ExtensibilityGlobals) = postSolution
		SolutionGuid = {B68DA937-0558-4399-B8E6-5F414723BD56}
	EndGlobalSection
EndGlobal
