
Microsoft Visual Studio Solution File, Format Version 12.00
# Visual Studio 15
VisualStudioVersion = 15.0.28307.1231
MinimumVisualStudioVersion = 10.0.40219.1
Project("{FAE04EC0-301F-11D3-BF4B-00C04F79EFBC}") = "WindowsFormsApp1", "WindowsFormsApp1\WindowsFormsApp1.csproj", "{C599CBEA-7839-47B8-8393-4F30BD9D29BE}"
EndProject
Global
	GlobalSection(SolutionConfigurationPlatforms) = preSolution
		Debug|Any CPU = Debug|Any CPU
		Release|Any CPU = Release|Any CPU
	EndGlobalSection
	GlobalSection(ProjectConfigurationPlatforms) = postSolution
		{C599CBEA-7839-47B8-8393-4F30BD9D29BE}.Debug|Any CPU.ActiveCfg = Debug|Any CPU
		{C599CBEA-7839-47B8-8393-4F30BD9D29BE}.Debug|Any CPU.Build.0 = Debug|Any CPU
		{C599CBEA-7839-47B8-8393-4F30BD9D29BE}.Release|Any CPU.ActiveCfg = Release|Any CPU
		{C599CBEA-7839-47B8-8393-4F30BD9D29BE}.Release|Any CPU.Build.0 = Release|Any CPU
	EndGlobalSection
	GlobalSection(SolutionProperties) = preSolution
		HideSolutionNode = FALSE
	EndGlobalSection
	GlobalSection(ExtensibilityGlobals) = postSolution
		SolutionGuid = {EB2E3082-6A48-4382-8347-F033366FB744}
	EndGlobalSection
EndGlobal
